PODS:
  - MHTableView (0.1.0)
  - Nimble (7.0.3)
  - Quick (1.2.0)

DEPENDENCIES:
  - MHTableView (from `../`)
  - Nimble (~> 7.0.2)
  - Quick (~> 1.2.0)

EXTERNAL SOURCES:
  MHTableView:
    :path: ../

SPEC CHECKSUMS:
  MHTableView: 6b602fce181fa59c3725ad4b4c65daba19afb0ff
  Nimble: 7f5a9c447a33002645a071bddafbfb24ea70e0ac
  Quick: 58d203b1c5e27fff7229c4c1ae445ad7069a7a08

PODFILE CHECKSUM: b45ca19220716ef724b2f9933a78e0d97cb3beb2

COCOAPODS: 1.4.0
